{
  "name": "rfid-zero",
  "version": "1.0.0",
  "lockfileVersion": 3,
  "requires": true,
  "packages": {
    "": {
      "name": "rfid-zero",
      "version": "1.0.0",
      "license": "ISC",
      "dependencies": {
        "node-rfid": "^1.0.7"
      }
    },
    "node_modules/node-rfid": {
      "version": "1.0.7",
      "resolved": "https://registry.npmjs.org/node-rfid/-/node-rfid-1.0.7.tgz",
      "integrity": "sha512-/t8fMV9Oap0f8SPR2H3Gs51s9ne0YQmC1wDhZvo4uIbuCMcN8wb+hD4Y/7wYmqC2Y5++yoO3omGvW1BUGG4jUQ==",
      "license": "ISC"
    }
  }
}
